
Microsoft Visual Studio Solution File, Format Version 12.00
# Visual Studio Version 17
VisualStudioVersion = 17.3.32922.545
MinimumVisualStudioVersion = 10.0.40219.1
Project("{FAE04EC0-301F-11D3-BF4B-00C04F79EFBC}") = "Builder", "Builder\Builder.csproj", "{57CE2E1E-C7EE-4B9B-B002-DD2A63A27F38}"
EndProject
Global
	GlobalSection(SolutionConfigurationPlatforms) = preSolution
		Debug|Any CPU = Debug|Any CPU
		Release|Any CPU = Release|Any CPU
	EndGlobalSection
	GlobalSection(ProjectConfigurationPlatforms) = postSolution
		{57CE2E1E-C7EE-4B9B-B002-DD2A63A27F38}.Debug|Any CPU.ActiveCfg = Debug|Any CPU
		{57CE2E1E-C7EE-4B9B-B002-DD2A63A27F38}.Debug|Any CPU.Build.0 = Debug|Any CPU
		{57CE2E1E-C7EE-4B9B-B002-DD2A63A27F38}.Release|Any CPU.ActiveCfg = Release|Any CPU
		{57CE2E1E-C7EE-4B9B-B002-DD2A63A27F38}.Release|Any CPU.Build.0 = Release|Any CPU
	EndGlobalSection
	GlobalSection(SolutionProperties) = preSolution
		HideSolutionNode = FALSE
	EndGlobalSection
	GlobalSection(ExtensibilityGlobals) = postSolution
		SolutionGuid = {2A6FC5AF-93A1-4196-9946-2C3C64A89276}
	EndGlobalSection
EndGlobal
