
Microsoft Visual Studio Solution File, Format Version 12.00
# Visual Studio Version 17
VisualStudioVersion = 17.3.32922.545
MinimumVisualStudioVersion = 10.0.40219.1
Project("{9A19103F-16F7-4668-BE54-9A1E7A4F7556}") = "demoNew", "demoNew\demoNew.csproj", "{40F38FE3-8840-4D1E-882D-EAE49035416B}"
EndProject
Project("{FAE04EC0-301F-11D3-BF4B-00C04F79EFBC}") = "ConsoleApp1", "ConsoleApp1\ConsoleApp1.csproj", "{5D0DE685-1B9F-407B-8F5A-4D37E7E3471A}"
EndProject
Global
	GlobalSection(SolutionConfigurationPlatforms) = preSolution
		Debug|Any CPU = Debug|Any CPU
		Release|Any CPU = Release|Any CPU
	EndGlobalSection
	GlobalSection(ProjectConfigurationPlatforms) = postSolution
		{40F38FE3-8840-4D1E-882D-EAE49035416B}.Debug|Any CPU.ActiveCfg = Debug|Any CPU
		{40F38FE3-8840-4D1E-882D-EAE49035416B}.Debug|Any CPU.Build.0 = Debug|Any CPU
		{40F38FE3-8840-4D1E-882D-EAE49035416B}.Release|Any CPU.ActiveCfg = Release|Any CPU
		{40F38FE3-8840-4D1E-882D-EAE49035416B}.Release|Any CPU.Build.0 = Release|Any CPU
		{5D0DE685-1B9F-407B-8F5A-4D37E7E3471A}.Debug|Any CPU.ActiveCfg = Debug|Any CPU
		{5D0DE685-1B9F-407B-8F5A-4D37E7E3471A}.Debug|Any CPU.Build.0 = Debug|Any CPU
		{5D0DE685-1B9F-407B-8F5A-4D37E7E3471A}.Release|Any CPU.ActiveCfg = Release|Any CPU
		{5D0DE685-1B9F-407B-8F5A-4D37E7E3471A}.Release|Any CPU.Build.0 = Release|Any CPU
	EndGlobalSection
	GlobalSection(SolutionProperties) = preSolution
		HideSolutionNode = FALSE
	EndGlobalSection
	GlobalSection(ExtensibilityGlobals) = postSolution
		SolutionGuid = {4F29B142-9472-4918-84C3-10491F6489B1}
	EndGlobalSection
EndGlobal
